Microsoft Visual Studio Solution File, Format Version 12.00
# Visual Studio Version 17
VisualStudioVersion = 17.0.31903.59
MinimumVisualStudioVersion = 10.0.40219.1
Project("{FAE04EC0-301F-11D3-BF4B-00C04F79EFBC}") = "SnapX.Core", "SnapX.Core\SnapX.Core.csproj", "{7A8FC5C6-F2D3-4EC6-B125-B6D922934E5A}"
EndProject
Project("{FAE04EC0-301F-11D3-BF4B-00C04F79EFBC}") = "SnapX.Platform.Windows", "SnapX.Platform.Windows\SnapX.Platform.Windows.csproj", "{44D849AB-8555-4F98-A648-0221ACDA5BD2}"
EndProject
Project("{FAE04EC0-301F-11D3-BF4B-00C04F79EFBC}") = "SnapX.Windows", "SnapX.Windows\SnapX.Windows.csproj", "{7DC79B2D-25DD-4882-A6F8-98D404172C0C}"
EndProject
Project("{FAE04EC0-301F-11D3-BF4B-00C04F79EFBC}") = "SnapX.Core.Tests", "SnapX.Core.Tests\SnapX.Core.Tests.csproj", "{0B9E651C-C20F-48A3-8C48-8D2E3184DD3E}"
EndProject
Global
    GlobalSection(SolutionConfigurationPlatforms) = preSolution
        Debug|Any CPU = Debug|Any CPU
        Release|Any CPU = Release|Any CPU
    EndGlobalSection
    GlobalSection(ProjectConfigurationPlatforms) = postSolution
        {7A8FC5C6-F2D3-4EC6-B125-B6D922934E5A}.Debug|Any CPU.ActiveCfg = Debug|Any CPU
        {7A8FC5C6-F2D3-4EC6-B125-B6D922934E5A}.Debug|Any CPU.Build.0 = Debug|Any CPU
        {7A8FC5C6-F2D3-4EC6-B125-B6D922934E5A}.Release|Any CPU.ActiveCfg = Release|Any CPU
        {7A8FC5C6-F2D3-4EC6-B125-B6D922934E5A}.Release|Any CPU.Build.0 = Release|Any CPU
        {44D849AB-8555-4F98-A648-0221ACDA5BD2}.Debug|Any CPU.ActiveCfg = Debug|Any CPU
        {44D849AB-8555-4F98-A648-0221ACDA5BD2}.Debug|Any CPU.Build.0 = Debug|Any CPU
        {44D849AB-8555-4F98-A648-0221ACDA5BD2}.Release|Any CPU.ActiveCfg = Release|Any CPU
        {44D849AB-8555-4F98-A648-0221ACDA5BD2}.Release|Any CPU.Build.0 = Release|Any CPU
        {7DC79B2D-25DD-4882-A6F8-98D404172C0C}.Debug|Any CPU.ActiveCfg = Debug|Any CPU
        {7DC79B2D-25DD-4882-A6F8-98D404172C0C}.Debug|Any CPU.Build.0 = Debug|Any CPU
        {7DC79B2D-25DD-4882-A6F8-98D404172C0C}.Release|Any CPU.ActiveCfg = Release|Any CPU
        {7DC79B2D-25DD-4882-A6F8-98D404172C0C}.Release|Any CPU.Build.0 = Release|Any CPU
        {0B9E651C-C20F-48A3-8C48-8D2E3184DD3E}.Debug|Any CPU.ActiveCfg = Debug|Any CPU
        {0B9E651C-C20F-48A3-8C48-8D2E3184DD3E}.Debug|Any CPU.Build.0 = Debug|Any CPU
        {0B9E651C-C20F-48A3-8C48-8D2E3184DD3E}.Release|Any CPU.ActiveCfg = Release|Any CPU
        {0B9E651C-C20F-48A3-8C48-8D2E3184DD3E}.Release|Any CPU.Build.0 = Release|Any CPU
    EndGlobalSection
EndGlobal
